hash: bbede29d1700c2c15ed3965a097f31a470f43c71cbfc092a5cd0b32f20707e22
updated: 2018-06-19T10:03:37.797196848+02:00
imports:
- name: github.com/fsnotify/fsnotify
  version: c2828203cd70a50dcccfb2761f8b1f8ceef9a8e9
- name: github.com/go-ini/ini
  version: 06f5f3d67269ccec1fe5fe4134ba6e982984f7f5
- name: golang.org/x/sys
  version: 6c888cc515d3ed83fc103cf1d84468aad274b0a7
  subpackages:
  - unix
testImports: []
