hash: cc0c00e3c96b57bfd2aa923e38344ff2afe535eec57eb9df46f92e165208785c
updated: 2018-06-19T02:28:14.608141875+02:00
imports:
- name: github.com/fsnotify/fsnotify
  version: c2828203cd70a50dcccfb2761f8b1f8ceef9a8e9
- name: github.com/go-ini/ini
  version: 06f5f3d67269ccec1fe5fe4134ba6e982984f7f5
- name: golang.org/x/sys
  version: 6c888cc515d3ed83fc103cf1d84468aad274b0a7
  subpackages:
  - unix
testImports: []
